PODS:
  - Appcues (1.4.0)
  - appcues_flutter (1.4.0):
    - Appcues (~> 1.4)
    - Flutter
  - Flutter (1.0.0)
  - uni_links (0.0.1):
    - Flutter

DEPENDENCIES:
  - appcues_flutter (from `.symlinks/plugins/appcues_flutter/ios`)
  - Flutter (from `Flutter`)
  - uni_links (from `.symlinks/plugins/uni_links/ios`)

SPEC REPOS:
  trunk:
    - Appcues

EXTERNAL SOURCES:
  appcues_flutter:
    :path: ".symlinks/plugins/appcues_flutter/ios"
  Flutter:
    :path: Flutter
  uni_links:
    :path: ".symlinks/plugins/uni_links/ios"

SPEC CHECKSUMS:
  Appcues: 48d67b9bc67d41afce005097704af106461e9fa6
  appcues_flutter: f7971bf6590857955de1a23139bd66e310c5512f
  Flutter: f04841e97a9d0b0a8025694d0796dd46242b2854
  uni_links: d97da20c7701486ba192624d99bffaaffcfc298a

PODFILE CHECKSUM: 69a94f836326f2bab375ad9c9e93cae9179c7221

COCOAPODS: 1.12.1
