PODS:
  - Appcues (1.1.1)
  - appcues_flutter (1.1.0):
    - Appcues (~> 1.1.1)
    - Flutter
  - Flutter (1.0.0)
  - uni_links (0.0.1):
    - Flutter

DEPENDENCIES:
  - appcues_flutter (from `.symlinks/plugins/appcues_flutter/ios`)
  - Flutter (from `Flutter`)
  - uni_links (from `.symlinks/plugins/uni_links/ios`)

SPEC REPOS:
  trunk:
    - Appcues

EXTERNAL SOURCES:
  appcues_flutter:
    :path: ".symlinks/plugins/appcues_flutter/ios"
  Flutter:
    :path: Flutter
  uni_links:
    :path: ".symlinks/plugins/uni_links/ios"

SPEC CHECKSUMS:
  Appcues: 758c5d86c18e49d09f501e771ca0cfd67651a5ce
  appcues_flutter: 4d9f85f607181011bb5f178083440bc4780ed7b6
  Flutter: 50d75fe2f02b26cc09d224853bb45737f8b3214a
  uni_links: d97da20c7701486ba192624d99bffaaffcfc298a

PODFILE CHECKSUM: 69a94f836326f2bab375ad9c9e93cae9179c7221

COCOAPODS: 1.11.3
