PODS:
  - Appcues (5.0.3)
  - appcues_flutter (5.0.2):
    - Appcues (~> 5.0.3)
    - Flutter
  - AppcuesNotificationService (5.0.3)
  - Flutter (1.0.0)

DEPENDENCIES:
  - appcues_flutter (from `.symlinks/plugins/appcues_flutter/ios`)
  - AppcuesNotificationService (= 5.0.3)
  - Flutter (from `Flutter`)

SPEC REPOS:
  trunk:
    - Appcues
    - AppcuesNotificationService

EXTERNAL SOURCES:
  appcues_flutter:
    :path: ".symlinks/plugins/appcues_flutter/ios"
  Flutter:
    :path: Flutter

SPEC CHECKSUMS:
  Appcues: 47d388e722779407d3eb397a48b5862b801ff5c6
  appcues_flutter: e0d972ef953c65f64685ea1c91e92b285b9ef724
  AppcuesNotificationService: bfdb4e4374760247aba24648cbc0bcb6be1dea30
  Flutter: cabc95a1d2626b1b06e7179b784ebcf0c0cde467

PODFILE CHECKSUM: d1ab44d63fcd07325bd7ddeeec59f9f5ec54902c

COCOAPODS: 1.16.2
