{
  "pins" : [
    {
      "identity" : "appcues-ios-sdk",
      "kind" : "remoteSourceControl",
      "location" : "https://github.com/appcues/appcues-ios-sdk",
      "state" : {
        "revision" : "5c304f780f926f9afa69ac9cbd55439711bf683a",
        "version" : "4.3.10"
      }
    }
  ],
  "version" : 2
}
