{
  "pins" : [
    {
      "identity" : "appcues-ios-sdk",
      "kind" : "remoteSourceControl",
      "location" : "https://github.com/appcues/appcues-ios-sdk",
      "state" : {
        "revision" : "248d76a8acddbb1eacc09d7024dfdc565347390d",
        "version" : "5.0.0"
      }
    }
  ],
  "version" : 2
}
